{
  "version": 4,
  "terraform_version": "1.9.5",
  "serial": 200,
  "lineage": "c9b4b249-4723-f33e-46af-6388155bf921",
  "outputs": {},
  "resources": [
    {
      "mode": "managed",
      "type": "google_alloydb_cluster",
      "name": "vault_db",
      "provider": "provider[\"registry.terraform.io/hashicorp/google-beta\"]",
      "instances": [
        {
          "schema_version": 0,
          "attributes": {
            "annotations": null,
            "automated_backup_policy": [
              {
                "backup_window": "3600s",
                "enabled": false,
                "encryption_config": [],
                "labels": {},
                "location": "europe-west2",
                "quantity_based_retention": [],
                "time_based_retention": [
                  {
                    "retention_period": "1209600s"
                  }
                ],
                "weekly_schedule": [
                  {
                    "days_of_week": [
                      "MONDAY",
                      "TUESDAY",
                      "WEDNESDAY",
                      "THURSDAY",
                      "FRIDAY",
                      "SATURDAY",
                      "SUNDAY"
                    ],
                    "start_times": [
                      {
                        "hours": 23,
                        "minutes": 0,
                        "nanos": 0,
                        "seconds": 0
                      }
                    ]
                  }
                ]
              }
            ],
            "backup_source": [],
            "cluster_id": "alloydb-cluster",
            "cluster_type": "PRIMARY",
            "continuous_backup_config": [
              {
                "enabled": false,
                "encryption_config": [],
                "recovery_window_days": 14
              }
            ],
            "continuous_backup_info": [
              {
                "earliest_restorable_time": "",
                "enabled_time": "",
                "encryption_info": [
                  {
                    "encryption_type": "GOOGLE_DEFAULT_ENCRYPTION",
                    "kms_key_versions": []
                  }
                ],
                "schedule": [
                  "MONDAY",
                  "TUESDAY",
                  "WEDNESDAY",
                  "THURSDAY",
                  "FRIDAY",
                  "SATURDAY",
                  "SUNDAY"
                ]
              }
            ],
            "database_version": "POSTGRES_15",
            "deletion_policy": "DEFAULT",
            "display_name": "",
            "effective_annotations": {},
            "effective_labels": {},
            "encryption_config": [],
            "encryption_info": [
              {
                "encryption_type": "GOOGLE_DEFAULT_ENCRYPTION",
                "kms_key_versions": []
              }
            ],
            "etag": "",
            "id": "projects/tm-gcp-emea-csre/locations/europe-west2/clusters/alloydb-cluster",
            "initial_user": [
              {
                "password": "cvZdBzm5HpRJ",
                "user": "vault-admin"
              }
            ],
            "labels": null,
            "location": "europe-west2",
            "maintenance_update_policy": [],
            "migration_source": [],
            "name": "projects/tm-gcp-emea-csre/locations/europe-west2/clusters/alloydb-cluster",
            "network": "projects/38269328845/global/networks/tm-vault-dev",
            "network_config": [
              {
                "allocated_ip_range": "",
                "network": "projects/38269328845/global/networks/tm-vault-dev"
              }
            ],
            "project": "tm-gcp-emea-csre",
            "psc_config": [],
            "reconciling": false,
            "restore_backup_source": [],
            "restore_continuous_backup_source": [],
            "secondary_config": [],
            "state": "READY",
            "terraform_labels": {},
            "timeouts": null,
            "uid": "f44282cd-ba0f-4b07-b95f-84f5e972e59b"
          },
          "sensitive_attributes": [
            [
              {
                "type": "get_attr",
                "value": "initial_user"
              },
              {
                "type": "index",
                "value": {
                  "value": 0,
                  "type": "number"
                }
              },
              {
                "type": "get_attr",
                "value": "password"
              }
            ]
          ],
          "private": "eyJlMmJmYjczMC1lY2FhLTExZTYtOGY4OC0zNDM2M2JjN2M0YzAiOnsiY3JlYXRlIjoxODAwMDAwMDAwMDAwLCJkZWxldGUiOjE4MDAwMDAwMDAwMDAsInVwZGF0ZSI6MTgwMDAwMDAwMDAwMH19",
          "dependencies": [
            "google_compute_global_address.private_ip_alloc",
            "google_compute_network.gcp-vpc-network",
            "google_service_networking_connection.default",
            "random_password.password"
          ]
        }
      ]
    },
    {
      "mode": "managed",
      "type": "google_alloydb_instance",
      "name": "vault_db",
      "provider": "provider[\"registry.terraform.io/hashicorp/google\"]",
      "instances": [
        {
          "schema_version": 0,
          "attributes": {
            "annotations": null,
            "availability_type": "REGIONAL",
            "cluster": "projects/tm-gcp-emea-csre/locations/europe-west2/clusters/alloydb-cluster",
            "create_time": "2024-09-09T15:03:30.797849375Z",
            "database_flags": null,
            "display_name": null,
            "gce_zone": "",
            "id": "projects/tm-gcp-emea-csre/locations/europe-west2/clusters/alloydb-cluster/instances/alloydb-instance",
            "instance_id": "alloydb-instance",
            "instance_type": "PRIMARY",
            "ip_address": "10.153.0.12",
            "labels": null,
            "machine_config": [
              {
                "cpu_count": 8
              }
            ],
            "name": "projects/tm-gcp-emea-csre/locations/europe-west2/clusters/alloydb-cluster/instances/alloydb-instance",
            "read_pool_config": [],
            "reconciling": false,
            "state": "READY",
            "timeouts": null,
            "uid": "1482364c-db74-44e5-8ef2-d34296fb346e",
            "update_time": "2024-09-09T15:09:00.802851026Z"
          },
          "sensitive_attributes": [],
          "private": "eyJlMmJmYjczMC1lY2FhLTExZTYtOGY4OC0zNDM2M2JjN2M0YzAiOnsiY3JlYXRlIjoyNDAwMDAwMDAwMDAwLCJkZWxldGUiOjI0MDAwMDAwMDAwMDAsInVwZGF0ZSI6MjQwMDAwMDAwMDAwMH19",
          "dependencies": [
            "google_alloydb_cluster.vault_db",
            "google_compute_global_address.private_ip_alloc",
            "google_compute_network.gcp-vpc-network",
            "google_service_networking_connection.default",
            "random_password.password"
          ]
        }
      ]
    },
    {
      "mode": "managed",
      "type": "google_artifact_registry_repository",
      "name": "vault_artifacts",
      "provider": "provider[\"registry.terraform.io/hashicorp/google\"]",
      "instances": [
        {
          "schema_version": 0,
          "attributes": {
            "create_time": "2024-09-09T15:02:15.883149Z",
            "description": "Docker repository for hosting Vault artifacts",
            "docker_config": [],
            "format": "DOCKER",
            "id": "projects/tm-gcp-emea-csre/locations/europe-west2/repositories/vault-registry-dev",
            "kms_key_name": "",
            "labels": null,
            "location": "europe-west2",
            "maven_config": [],
            "mode": "STANDARD_REPOSITORY",
            "name": "vault-registry-dev",
            "project": "tm-gcp-emea-csre",
            "remote_repository_config": [],
            "repository_id": "vault-registry-dev",
            "timeouts": null,
            "update_time": "2024-09-09T15:02:15.883149Z",
            "virtual_repository_config": []
          },
          "sensitive_attributes": [],
          "private": "eyJlMmJmYjczMC1lY2FhLTExZTYtOGY4OC0zNDM2M2JjN2M0YzAiOnsiY3JlYXRlIjoxMjAwMDAwMDAwMDAwLCJkZWxldGUiOjEyMDAwMDAwMDAwMDAsInVwZGF0ZSI6MTIwMDAwMDAwMDAwMH19"
        }
      ]
    },
    {
      "mode": "managed",
      "type": "google_compute_global_address",
      "name": "private_ip_alloc",
      "provider": "provider[\"registry.terraform.io/hashicorp/google\"]",
      "instances": [
        {
          "schema_version": 0,
          "attributes": {
            "address": "10.177.0.0",
            "address_type": "INTERNAL",
            "creation_timestamp": "2024-09-09T08:02:26.060-07:00",
            "description": "",
            "id": "projects/tm-gcp-emea-csre/global/addresses/service-private-ip",
            "ip_version": "",
            "name": "service-private-ip",
            "network": "https://www.googleapis.com/compute/v1/projects/tm-gcp-emea-csre/global/networks/tm-vault-dev",
            "prefix_length": 16,
            "project": "tm-gcp-emea-csre",
            "purpose": "VPC_PEERING",
            "self_link": "https://www.googleapis.com/compute/v1/projects/tm-gcp-emea-csre/global/addresses/service-private-ip",
            "timeouts": null
          },
          "sensitive_attributes": [],
          "private": "eyJlMmJmYjczMC1lY2FhLTExZTYtOGY4OC0zNDM2M2JjN2M0YzAiOnsiY3JlYXRlIjoxMjAwMDAwMDAwMDAwLCJkZWxldGUiOjEyMDAwMDAwMDAwMDB9fQ==",
          "dependencies": [
            "google_compute_network.gcp-vpc-network"
          ]
        }
      ]
    },
    {
      "mode": "managed",
      "type": "google_compute_network",
      "name": "gcp-vpc-network",
      "provider": "provider[\"registry.terraform.io/hashicorp/google\"]",
      "instances": [
        {
          "schema_version": 0,
          "attributes": {
            "auto_create_subnetworks": false,
            "delete_default_routes_on_create": false,
            "description": "",
            "enable_ula_internal_ipv6": false,
            "gateway_ipv4": "",
            "id": "projects/tm-gcp-emea-csre/global/networks/tm-vault-dev",
            "internal_ipv6_range": "",
            "mtu": 0,
            "name": "tm-vault-dev",
            "network_firewall_policy_enforcement_order": "AFTER_CLASSIC_FIREWALL",
            "project": "tm-gcp-emea-csre",
            "routing_mode": "REGIONAL",
            "self_link": "https://www.googleapis.com/compute/v1/projects/tm-gcp-emea-csre/global/networks/tm-vault-dev",
            "timeouts": null
          },
          "sensitive_attributes": [],
          "private": "eyJlMmJmYjczMC1lY2FhLTExZTYtOGY4OC0zNDM2M2JjN2M0YzAiOnsiY3JlYXRlIjoxMjAwMDAwMDAwMDAwLCJkZWxldGUiOjEyMDAwMDAwMDAwMDAsInVwZGF0ZSI6MTIwMDAwMDAwMDAwMH19"
        }
      ]
    },
    {
      "mode": "managed",
      "type": "google_compute_router",
      "name": "router",
      "provider": "provider[\"registry.terraform.io/hashicorp/google\"]",
      "instances": [
        {
          "schema_version": 0,
          "attributes": {
            "bgp": [],
            "creation_timestamp": "2024-09-09T08:02:26.054-07:00",
            "description": "",
            "encrypted_interconnect_router": false,
            "id": "projects/tm-gcp-emea-csre/regions/europe-west2/routers/public-router",
            "name": "public-router",
            "network": "https://www.googleapis.com/compute/v1/projects/tm-gcp-emea-csre/global/networks/tm-vault-dev",
            "project": "tm-gcp-emea-csre",
            "region": "europe-west2",
            "self_link": "https://www.googleapis.com/compute/v1/projects/tm-gcp-emea-csre/regions/europe-west2/routers/public-router",
            "timeouts": null
          },
          "sensitive_attributes": [],
          "private": "eyJlMmJmYjczMC1lY2FhLTExZTYtOGY4OC0zNDM2M2JjN2M0YzAiOnsiY3JlYXRlIjoxMjAwMDAwMDAwMDAwLCJkZWxldGUiOjEyMDAwMDAwMDAwMDAsInVwZGF0ZSI6MTIwMDAwMDAwMDAwMH19",
          "dependencies": [
            "google_compute_network.gcp-vpc-network"
          ]
        }
      ]
    },
    {
      "mode": "managed",
      "type": "google_compute_router_nat",
      "name": "nat",
      "provider": "provider[\"registry.terraform.io/hashicorp/google\"]",
      "instances": [
        {
          "schema_version": 0,
          "attributes": {
            "drain_nat_ips": null,
            "enable_dynamic_port_allocation": false,
            "enable_endpoint_independent_mapping": true,
            "icmp_idle_timeout_sec": 30,
            "id": "tm-gcp-emea-csre/europe-west2/public-router/vault-public-nat",
            "log_config": [
              {
                "enable": true,
                "filter": "ERRORS_ONLY"
              }
            ],
            "max_ports_per_vm": 0,
            "min_ports_per_vm": 0,
            "name": "vault-public-nat",
            "nat_ip_allocate_option": "AUTO_ONLY",
            "nat_ips": null,
            "project": "tm-gcp-emea-csre",
            "region": "europe-west2",
            "router": "public-router",
            "rules": [],
            "source_subnetwork_ip_ranges_to_nat": "ALL_SUBNETWORKS_ALL_IP_RANGES",
            "subnetwork": [],
            "tcp_established_idle_timeout_sec": 1200,
            "tcp_time_wait_timeout_sec": 120,
            "tcp_transitory_idle_timeout_sec": 30,
            "timeouts": null,
            "udp_idle_timeout_sec": 30
          },
          "sensitive_attributes": [],
          "private": "eyJlMmJmYjczMC1lY2FhLTExZTYtOGY4OC0zNDM2M2JjN2M0YzAiOnsiY3JlYXRlIjoxMjAwMDAwMDAwMDAwLCJkZWxldGUiOjEyMDAwMDAwMDAwMDAsInVwZGF0ZSI6MTIwMDAwMDAwMDAwMH19",
          "dependencies": [
            "google_compute_network.gcp-vpc-network",
            "google_compute_router.router"
          ]
        }
      ]
    },
    {
      "mode": "managed",
      "type": "google_compute_subnetwork",
      "name": "europe-west2-network-with-private-secondary-ip-ranges",
      "provider": "provider[\"registry.terraform.io/hashicorp/google\"]",
      "instances": [
        {
          "schema_version": 0,
          "attributes": {
            "creation_timestamp": "2024-09-09T08:02:26.724-07:00",
            "description": "",
            "external_ipv6_prefix": "",
            "fingerprint": null,
            "gateway_address": "10.2.0.1",
            "id": "projects/tm-gcp-emea-csre/regions/europe-west2/subnetworks/europe-west2-subnetwork",
            "internal_ipv6_prefix": "",
            "ip_cidr_range": "10.2.0.0/16",
            "ipv6_access_type": "",
            "ipv6_cidr_range": "",
            "log_config": [
              {
                "aggregation_interval": "INTERVAL_10_MIN",
                "filter_expr": "true",
                "flow_sampling": 1,
                "metadata": "INCLUDE_ALL_METADATA",
                "metadata_fields": null
              }
            ],
            "name": "europe-west2-subnetwork",
            "network": "https://www.googleapis.com/compute/v1/projects/tm-gcp-emea-csre/global/networks/tm-vault-dev",
            "private_ip_google_access": true,
            "private_ipv6_google_access": "DISABLE_GOOGLE_ACCESS",
            "project": "tm-gcp-emea-csre",
            "purpose": "PRIVATE",
            "region": "europe-west2",
            "role": "",
            "secondary_ip_range": [
              {
                "ip_cidr_range": "192.168.10.0/24",
                "range_name": "vault-secondary-range-private"
              }
            ],
            "self_link": "https://www.googleapis.com/compute/v1/projects/tm-gcp-emea-csre/regions/europe-west2/subnetworks/europe-west2-subnetwork",
            "stack_type": "IPV4_ONLY",
            "timeouts": null
          },
          "sensitive_attributes": [],
          "private": "eyJlMmJmYjczMC1lY2FhLTExZTYtOGY4OC0zNDM2M2JjN2M0YzAiOnsiY3JlYXRlIjoxMjAwMDAwMDAwMDAwLCJkZWxldGUiOjEyMDAwMDAwMDAwMDAsInVwZGF0ZSI6MTIwMDAwMDAwMDAwMH19",
          "dependencies": [
            "google_compute_network.gcp-vpc-network"
          ]
        }
      ]
    },
    {
      "mode": "managed",
      "type": "google_container_cluster",
      "name": "vault_cluster",
      "provider": "provider[\"registry.terraform.io/hashicorp/google-beta\"]",
      "instances": [
        {
          "schema_version": 2,
          "attributes": {
            "addons_config": [
              {
                "cloudrun_config": [],
                "config_connector_config": [],
                "dns_cache_config": [],
                "gce_persistent_disk_csi_driver_config": [
                  {
                    "enabled": true
                  }
                ],
                "gcp_filestore_csi_driver_config": [],
                "gcs_fuse_csi_driver_config": [],
                "gke_backup_agent_config": [],
                "horizontal_pod_autoscaling": [],
                "http_load_balancing": [],
                "istio_config": [],
                "kalm_config": [],
                "network_policy_config": [
                  {
                    "disabled": true
                  }
                ],
                "stateful_ha_config": []
              }
            ],
            "allow_net_admin": null,
            "authenticator_groups_config": [],
            "binary_authorization": [
              {
                "enabled": false,
                "evaluation_mode": ""
              }
            ],
            "cluster_autoscaling": [
              {
                "auto_provisioning_defaults": [
                  {
                    "boot_disk_kms_key": "",
                    "disk_size": 100,
                    "disk_type": "pd-standard",
                    "image_type": "COS_CONTAINERD",
                    "management": [
                      {
                        "auto_repair": true,
                        "auto_upgrade": true,
                        "upgrade_options": []
                      }
                    ],
                    "min_cpu_platform": "",
                    "oauth_scopes": [
                      "https://www.googleapis.com/auth/cloud-platform"
                    ],
                    "service_account": "vault-admin@tm-gcp-emea-csre.iam.gserviceaccount.com",
                    "shielded_instance_config": [],
                    "upgrade_settings": [
                      {
                        "blue_green_settings": [],
                        "max_surge": 0,
                        "max_unavailable": 0,
                        "strategy": "SURGE"
                      }
                    ]
                  }
                ],
                "autoscaling_profile": "OPTIMIZE_UTILIZATION",
                "enabled": true,
                "resource_limits": [
                  {
                    "maximum": 64,
                    "minimum": 8,
                    "resource_type": "memory"
                  },
                  {
                    "maximum": 10,
                    "minimum": 1,
                    "resource_type": "cpu"
                  }
                ]
              }
            ],
            "cluster_ipv4_cidr": "10.236.0.0/14",
            "cluster_telemetry": [
              {
                "type": "ENABLED"
              }
            ],
            "confidential_nodes": [],
            "cost_management_config": [],
            "database_encryption": [
              {
                "key_name": "",
                "state": "DECRYPTED"
              }
            ],
            "datapath_provider": "",
            "default_max_pods_per_node": 110,
            "default_snat_status": [
              {
                "disabled": false
              }
            ],
            "deletion_protection": false,
            "description": "",
            "dns_config": [],
            "enable_autopilot": false,
            "enable_cilium_clusterwide_network_policy": false,
            "enable_fqdn_network_policy": false,
            "enable_intranode_visibility": false,
            "enable_k8s_beta_apis": [],
            "enable_kubernetes_alpha": false,
            "enable_l4_ilb_subsetting": false,
            "enable_legacy_abac": false,
            "enable_multi_networking": false,
            "enable_shielded_nodes": true,
            "enable_tpu": false,
            "endpoint": "35.197.215.77",
            "fleet": [],
            "gateway_api_config": [],
            "id": "projects/tm-gcp-emea-csre/locations/europe-west2/clusters/tm-vault-demo",
            "identity_service_config": [],
            "initial_node_count": 1,
            "ip_allocation_policy": [
              {
                "additional_pod_ranges_config": [],
                "cluster_ipv4_cidr_block": "10.236.0.0/14",
                "cluster_secondary_range_name": "gke-tm-vault-demo-pods-8e349785",
                "pod_cidr_overprovision_config": [
                  {
                    "disabled": false
                  }
                ],
                "services_ipv4_cidr_block": "10.176.48.0/20",
                "services_secondary_range_name": "gke-tm-vault-demo-services-8e349785",
                "stack_type": "IPV4"
              }
            ],
            "label_fingerprint": "a9dc16a7",
            "location": "europe-west2",
            "logging_config": [
              {
                "enable_components": [
                  "SYSTEM_COMPONENTS",
                  "WORKLOADS"
                ]
              }
            ],
            "logging_service": "logging.googleapis.com/kubernetes",
            "maintenance_policy": [],
            "master_auth": [
              {
                "client_certificate": "",
                "client_certificate_config": [
                  {
                    "issue_client_certificate": false
                  }
                ],
                "client_key": "",
                "cluster_ca_certificate": "LS0tLS1CRUdJTiBDRVJUSUZJQ0FURS0tLS0tCk1JSUVMRENDQXBTZ0F3SUJBZ0lRZlNSdExBdU4vSTUwMDdpWEh5SVlwakFOQmdrcWhraUc5dzBCQVFzRkFEQXYKTVMwd0t3WURWUVFERXlRek4yVXlZbVZrTlMxaVpEazBMVFF3TldZdFlqZ3hZaTA1WWpFME1URXpOVEpoTWpndwpJQmNOTWpRd09UQTVNVFF3TWpRNVdoZ1BNakExTkRBNU1ESXhOVEF5TkRsYU1DOHhMVEFyQmdOVkJBTVRKRE0zClpUSmlaV1ExTFdKa09UUXROREExWmkxaU9ERmlMVGxpTVRReE1UTTFNbUV5T0RDQ0FhSXdEUVlKS29aSWh2Y04KQVFFQkJRQURnZ0dQQURDQ0FZb0NnZ0dCQUtSaUtZMm5BMWRGNGVxS3B3V0ZpU0ZpWktwVWNMUitRcVVteEI2Swp3R1VsdzQ3MVRhSm5jQXQvZ0ZjN3JVUFI0WDd0c1NBNDFET0xqRld1VDlBVGJBWGowZGRtNHF3RzIveUI5NkhXClFrRDZVRk1OUkhzcXRTZHJmZUxkQld6dmJsUEduQ1pJQWwyaU1yM0pzd29OWGdwYXRPbytkc1ZxdTNaSVhweW0KbHpVRE81K20wQkZqaFRSUU1VQTdaWW42Q1h4SWdjalUrUnUwZGNlekZMbGh1R3A3Ym1Cbm9aQ2xzWjczZDRyLwo1WUkyTjM0b2FaZWx2K29TNU5QSjdzS0dmcjhObkg2d2IyWDRKeEUxU25CUWttNHJVNGV4SE5DSHl1RzZ3WVhhCjVZTjBWZmlwUlVXNDlzM01EWTNWbFA0YkZYdXE4SDdrN0lpbGg2cDlDMmFHZ2FiRXRGbVQ2S292STFMKzU0NXMKOFZ1MnpZUVBzcHF4QjVWbDhURW9ub3gyNHZlTVFiMExmWGo1L3hLRXhjK2EwMWpMbG1hL1F3dVZXdGlWeUgzZQpHb1o1OFhTaVNjYnlkYUtjQjg1VzFOYXVhNTBPWDNWNzU0VkYwMHNzN1BrWmtsVU5CeCtLdlRKQjh4T3NjUGpDCmNDNFRXY3ZuM0JIOXlXM2J3QkFmZHNPdkx3SURBUUFCbzBJd1FEQU9CZ05WSFE4QkFmOEVCQU1DQWdRd0R3WUQKVlIwVEFRSC9CQVV3QXdFQi96QWRCZ05WSFE0RUZnUVVoMjREajY5SzlrUW96aVlsRm8yeEh3ck9nMm93RFFZSgpLb1pJaHZjTkFRRUxCUUFEZ2dHQkFGNmc2TDVPV2VvRUo1bmxEaDdsY0hFbHJWdlhTQ1ZJOFQvMVVlQW1PQUtPCnVKcmFERTM1SlI3d0FpU0JWWG5DN2F5RXZ3dkpOOWx0YlMybWk0d3dIQ0wwR0l5SER0ZWk3RTZiTkk3bzFqaVAKNFpoR09YTGRwQ1FIeTZMQmptekdnSjJTM01uczFWaHpKMXJ2S1BqNW13QnFUejFaZzljWVVxamdrcUZVL1hjSgowcVJxaWZxQjdhV25Cd0pBbUVoRUoyRU5YSWVsb0gzRFc2M3JQVW9jTFIxU1haSGszWVNVUmp6d01QcWdBcTJoCjU0eFBIa3JydlA2VkUyQXpqYUJRUEFkSDJ6ZXpzZzBEZXlsS2RvYkd2bDJBZTJON001a1BTMHBsdzJRc3U5VnoKOURoaVErMTdsUm1sdVNBNElhUnhTRnhYeHUwM09sQkVMUjVTaGVSMFByb0JjLzdQZDRrS01WM1pRemUrbVljSApJa205ZzBXdUE5d3hxcm5kdmQzU1c1WUFJZ2FNVVRMeVZ1M0paejR6Qll2TkRpenV2Y2JVellyY1RZV0RSMUNxCkxCNXpvMCs0MjcvTGs3c0dwVkFNTjRpSEdZeVpBcFhwUnpQWG5FZ1J0b3BOVFA1RldSSWd5N2x3SWcrVGM3dUIKeWpxVUFjUWNVRnQ3SEtYOG5WQjUrZz09Ci0tLS0tRU5EIENFUlRJRklDQVRFLS0tLS0K"
              }
            ],
            "master_authorized_networks_config": [
              {
                "cidr_blocks": [
                  {
                    "cidr_block": "217.111.161.250/32",
                    "display_name": "pipeline host"
                  }
                ],
                "gcp_public_cidrs_access_enabled": false
              }
            ],
            "master_version": "1.27.16-gke.1287000",
            "mesh_certificates": [],
            "min_master_version": "1.27",
            "monitoring_config": [
              {
                "advanced_datapath_observability_config": [
                  {
                    "enable_metrics": false,
                    "enable_relay": false,
                    "relay_mode": "DISABLED"
                  }
                ],
                "enable_components": [
                  "SYSTEM_COMPONENTS"
                ],
                "managed_prometheus": [
                  {
                    "enabled": true
                  }
                ]
              }
            ],
            "monitoring_service": "monitoring.googleapis.com/kubernetes",
            "name": "tm-vault-demo",
            "network": "projects/tm-gcp-emea-csre/global/networks/tm-vault-dev",
            "network_policy": [
              {
                "enabled": false,
                "provider": "PROVIDER_UNSPECIFIED"
              }
            ],
            "networking_mode": "VPC_NATIVE",
            "node_config": [
              {
                "advanced_machine_features": [],
                "boot_disk_kms_key": "",
                "confidential_nodes": [],
                "containerd_config": [],
                "disk_size_gb": 100,
                "disk_type": "pd-standard",
                "effective_taints": [],
                "enable_confidential_storage": false,
                "ephemeral_storage_config": [],
                "ephemeral_storage_local_ssd_config": [],
                "fast_socket": [],
                "gcfs_config": [],
                "guest_accelerator": [],
                "gvnic": [],
                "host_maintenance_policy": [],
                "image_type": "COS_CONTAINERD",
                "kubelet_config": [],
                "labels": {},
                "linux_node_config": [],
                "local_nvme_ssd_block_config": [],
                "local_ssd_count": 0,
                "logging_variant": "DEFAULT",
                "machine_type": "e2-medium",
                "metadata": {
                  "disable-legacy-endpoints": "true"
                },
                "min_cpu_platform": "",
                "node_group": "",
                "oauth_scopes": [
                  "https://www.googleapis.com/auth/cloud-platform"
                ],
                "preemptible": false,
                "reservation_affinity": [],
                "resource_labels": {},
                "resource_manager_tags": {},
                "sandbox_config": [],
                "secondary_boot_disks": [],
                "service_account": "vault-admin@tm-gcp-emea-csre.iam.gserviceaccount.com",
                "shielded_instance_config": [
                  {
                    "enable_integrity_monitoring": true,
                    "enable_secure_boot": false
                  }
                ],
                "sole_tenant_config": [],
                "spot": false,
                "tags": [],
                "taint": [],
                "workload_metadata_config": []
              }
            ],
            "node_locations": [
              "europe-west2-a",
              "europe-west2-b",
              "europe-west2-c"
            ],
            "node_pool": [
              {
                "autoscaling": [
                  {
                    "location_policy": "BALANCED",
                    "max_node_count": 1000,
                    "min_node_count": 0,
                    "total_max_node_count": 0,
                    "total_min_node_count": 0
                  }
                ],
                "initial_node_count": 0,
                "instance_group_urls": [
                  "https://www.googleapis.com/compute/v1/projects/tm-gcp-emea-csre/zones/europe-west2-a/instanceGroupManagers/gke-tm-vault-demo-nap-e2-medium-199yr-c6059313-grp",
                  "https://www.googleapis.com/compute/v1/projects/tm-gcp-emea-csre/zones/europe-west2-b/instanceGroupManagers/gke-tm-vault-demo-nap-e2-medium-199yr-130730ad-grp",
                  "https://www.googleapis.com/compute/v1/projects/tm-gcp-emea-csre/zones/europe-west2-c/instanceGroupManagers/gke-tm-vault-demo-nap-e2-medium-199yr-b5ade97e-grp"
                ],
                "managed_instance_group_urls": [
                  "https://www.googleapis.com/compute/beta/projects/tm-gcp-emea-csre/zones/europe-west2-a/instanceGroups/gke-tm-vault-demo-nap-e2-medium-199yr-c6059313-grp",
                  "https://www.googleapis.com/compute/beta/projects/tm-gcp-emea-csre/zones/europe-west2-b/instanceGroups/gke-tm-vault-demo-nap-e2-medium-199yr-130730ad-grp",
                  "https://www.googleapis.com/compute/beta/projects/tm-gcp-emea-csre/zones/europe-west2-c/instanceGroups/gke-tm-vault-demo-nap-e2-medium-199yr-b5ade97e-grp"
                ],
                "management": [
                  {
                    "auto_repair": true,
                    "auto_upgrade": true
                  }
                ],
                "max_pods_per_node": 110,
                "name": "nap-e2-medium-199yrbss",
                "name_prefix": "",
                "network_config": [
                  {
                    "additional_node_network_configs": [],
                    "additional_pod_network_configs": [],
                    "create_pod_range": false,
                    "enable_private_nodes": true,
                    "network_performance_config": [],
                    "pod_cidr_overprovision_config": [],
                    "pod_ipv4_cidr_block": "10.236.0.0/14",
                    "pod_range": "gke-tm-vault-demo-pods-8e349785"
                  }
                ],
                "node_config": [
                  {
                    "advanced_machine_features": [],
                    "boot_disk_kms_key": "",
                    "confidential_nodes": [],
                    "containerd_config": [],
                    "disk_size_gb": 100,
                    "disk_type": "pd-standard",
                    "effective_taints": [],
                    "enable_confidential_storage": false,
                    "ephemeral_storage_config": [],
                    "ephemeral_storage_local_ssd_config": [],
                    "fast_socket": [],
                    "gcfs_config": [],
                    "guest_accelerator": [],
                    "gvnic": [],
                    "host_maintenance_policy": [],
                    "image_type": "COS_CONTAINERD",
                    "kubelet_config": [],
                    "labels": {},
                    "linux_node_config": [],
                    "local_nvme_ssd_block_config": [],
                    "local_ssd_count": 0,
                    "logging_variant": "DEFAULT",
                    "machine_type": "e2-medium",
                    "metadata": {
                      "disable-legacy-endpoints": "true"
                    },
                    "min_cpu_platform": "",
                    "node_group": "",
                    "oauth_scopes": [
                      "https://www.googleapis.com/auth/cloud-platform"
                    ],
                    "preemptible": false,
                    "reservation_affinity": [],
                    "resource_labels": {},
                    "resource_manager_tags": {},
                    "sandbox_config": [],
                    "secondary_boot_disks": [],
                    "service_account": "vault-admin@tm-gcp-emea-csre.iam.gserviceaccount.com",
                    "shielded_instance_config": [
                      {
                        "enable_integrity_monitoring": true,
                        "enable_secure_boot": false
                      }
                    ],
                    "sole_tenant_config": [],
                    "spot": false,
                    "tags": [],
                    "taint": [],
                    "workload_metadata_config": []
                  }
                ],
                "node_count": 0,
                "node_locations": [
                  "europe-west2-a",
                  "europe-west2-b",
                  "europe-west2-c"
                ],
                "placement_policy": [
                  {
                    "policy_name": "",
                    "tpu_topology": "",
                    "type": ""
                  }
                ],
                "queued_provisioning": [],
                "upgrade_settings": [
                  {
                    "blue_green_settings": [],
                    "max_surge": 1,
                    "max_unavailable": 0,
                    "strategy": "SURGE"
                  }
                ],
                "version": "1.27.16-gke.1287000"
              }
            ],
            "node_pool_auto_config": [],
            "node_pool_defaults": [
              {
                "node_config_defaults": [
                  {
                    "containerd_config": [],
                    "gcfs_config": [],
                    "logging_variant": "DEFAULT"
                  }
                ]
              }
            ],
            "node_version": "1.27.16-gke.1287000",
            "notification_config": [
              {
                "pubsub": [
                  {
                    "enabled": false,
                    "filter": [],
                    "topic": ""
                  }
                ]
              }
            ],
            "operation": null,
            "pod_security_policy_config": [
              {
                "enabled": false
              }
            ],
            "private_cluster_config": [
              {
                "enable_private_endpoint": false,
                "enable_private_nodes": true,
                "master_global_access_config": [
                  {
                    "enabled": false
                  }
                ],
                "master_ipv4_cidr_block": "172.16.0.0/28",
                "peering_name": "gke-ne820410cacd4e3a2053-4812-d4a6-peer",
                "private_endpoint": "172.16.0.2",
                "private_endpoint_subnetwork": "",
                "public_endpoint": "35.197.215.77"
              }
            ],
            "private_ipv6_google_access": "",
            "project": "tm-gcp-emea-csre",
            "protect_config": [
              {
                "workload_config": [
                  {
                    "audit_mode": "BASIC"
                  }
                ],
                "workload_vulnerability_mode": "WORKLOAD_VULNERABILITY_MODE_UNSPECIFIED"
              }
            ],
            "release_channel": [
              {
                "channel": "RAPID"
              }
            ],
            "remove_default_node_pool": true,
            "resource_labels": null,
            "resource_usage_export_config": [],
            "secret_manager_config": [
              {
                "enabled": false
              }
            ],
            "security_posture_config": [
              {
                "mode": "BASIC",
                "vulnerability_mode": "VULNERABILITY_MODE_UNSPECIFIED"
              }
            ],
            "self_link": "https://container.googleapis.com/v1beta1/projects/tm-gcp-emea-csre/locations/europe-west2/clusters/tm-vault-demo",
            "service_external_ips_config": [
              {
                "enabled": false
              }
            ],
            "services_ipv4_cidr": "10.176.48.0/20",
            "subnetwork": "projects/tm-gcp-emea-csre/regions/europe-west2/subnetworks/europe-west2-subnetwork",
            "timeouts": null,
            "tpu_config": null,
            "tpu_ipv4_cidr_block": "",
            "vertical_pod_autoscaling": [],
            "workload_alts_config": [],
            "workload_identity_config": []
          },
          "sensitive_attributes": [
            [
              {
                "type": "get_attr",
                "value": "master_auth"
              },
              {
                "type": "index",
                "value": {
                  "value": 0,
                  "type": "number"
                }
              },
              {
                "type": "get_attr",
                "value": "client_key"
              }
            ]
          ],
          "private": "eyJlMmJmYjczMC1lY2FhLTExZTYtOGY4OC0zNDM2M2JjN2M0YzAiOnsiY3JlYXRlIjoyNDAwMDAwMDAwMDAwLCJkZWxldGUiOjI0MDAwMDAwMDAwMDAsInJlYWQiOjI0MDAwMDAwMDAwMDAsInVwZGF0ZSI6MzYwMDAwMDAwMDAwMH0sInNjaGVtYV92ZXJzaW9uIjoiMiJ9",
          "dependencies": [
            "google_compute_network.gcp-vpc-network",
            "google_compute_subnetwork.europe-west2-network-with-private-secondary-ip-ranges",
            "module.gke_service_account.google_service_account.service_account"
          ]
        }
      ]
    },
    {
      "mode": "managed",
      "type": "google_container_node_pool",
      "name": "default_node_pool",
      "provider": "provider[\"registry.terraform.io/hashicorp/google-beta\"]",
      "instances": [
        {
          "schema_version": 1,
          "attributes": {
            "autoscaling": [
              {
                "location_policy": "BALANCED",
                "max_node_count": 3,
                "min_node_count": 1,
                "total_max_node_count": 0,
                "total_min_node_count": 0
              }
            ],
            "cluster": "tm-vault-demo",
            "id": "projects/tm-gcp-emea-csre/locations/europe-west2/clusters/tm-vault-demo/nodePools/linux-pool",
            "initial_node_count": 0,
            "instance_group_urls": [
              "https://www.googleapis.com/compute/v1/projects/tm-gcp-emea-csre/zones/europe-west2-a/instanceGroupManagers/gke-tm-vault-demo-linux-pool-9bb3231f-grp",
              "https://www.googleapis.com/compute/v1/projects/tm-gcp-emea-csre/zones/europe-west2-b/instanceGroupManagers/gke-tm-vault-demo-linux-pool-23f78f0b-grp",
              "https://www.googleapis.com/compute/v1/projects/tm-gcp-emea-csre/zones/europe-west2-c/instanceGroupManagers/gke-tm-vault-demo-linux-pool-b65cf55d-grp"
            ],
            "location": "europe-west2",
            "managed_instance_group_urls": [
              "https://www.googleapis.com/compute/beta/projects/tm-gcp-emea-csre/zones/europe-west2-a/instanceGroups/gke-tm-vault-demo-linux-pool-9bb3231f-grp",
              "https://www.googleapis.com/compute/beta/projects/tm-gcp-emea-csre/zones/europe-west2-b/instanceGroups/gke-tm-vault-demo-linux-pool-23f78f0b-grp",
              "https://www.googleapis.com/compute/beta/projects/tm-gcp-emea-csre/zones/europe-west2-c/instanceGroups/gke-tm-vault-demo-linux-pool-b65cf55d-grp"
            ],
            "management": [
              {
                "auto_repair": true,
                "auto_upgrade": true
              }
            ],
            "max_pods_per_node": 110,
            "name": "linux-pool",
            "name_prefix": "",
            "network_config": [
              {
                "additional_node_network_configs": [],
                "additional_pod_network_configs": [],
                "create_pod_range": false,
                "enable_private_nodes": true,
                "network_performance_config": [],
                "pod_cidr_overprovision_config": [],
                "pod_ipv4_cidr_block": "10.236.0.0/14",
                "pod_range": "gke-tm-vault-demo-pods-8e349785"
              }
            ],
            "node_config": [
              {
                "advanced_machine_features": [],
                "boot_disk_kms_key": "",
                "confidential_nodes": [],
                "containerd_config": [],
                "disk_size_gb": 100,
                "disk_type": "pd-balanced",
                "effective_taints": [],
                "enable_confidential_storage": false,
                "ephemeral_storage_config": [],
                "ephemeral_storage_local_ssd_config": [],
                "fast_socket": [],
                "gcfs_config": [
                  {
                    "enabled": true
                  }
                ],
                "guest_accelerator": [],
                "gvnic": [],
                "host_maintenance_policy": [],
                "image_type": "COS_CONTAINERD",
                "kubelet_config": [],
                "labels": {},
                "linux_node_config": [],
                "local_nvme_ssd_block_config": [],
                "local_ssd_count": 0,
                "logging_variant": "DEFAULT",
                "machine_type": "n2-standard-16",
                "metadata": {
                  "disable-legacy-endpoints": "true"
                },
                "min_cpu_platform": "",
                "node_group": "",
                "oauth_scopes": [
                  "https://www.googleapis.com/auth/cloud-platform"
                ],
                "preemptible": false,
                "reservation_affinity": [],
                "resource_labels": null,
                "resource_manager_tags": null,
                "sandbox_config": [],
                "secondary_boot_disks": [],
                "service_account": "vault-admin@tm-gcp-emea-csre.iam.gserviceaccount.com",
                "shielded_instance_config": [
                  {
                    "enable_integrity_monitoring": true,
                    "enable_secure_boot": false
                  }
                ],
                "sole_tenant_config": [],
                "spot": false,
                "tags": null,
                "taint": [],
                "workload_metadata_config": []
              }
            ],
            "node_count": 0,
            "node_locations": [
              "europe-west2-a",
              "europe-west2-b",
              "europe-west2-c"
            ],
            "operation": null,
            "placement_policy": [],
            "project": "tm-gcp-emea-csre",
            "queued_provisioning": [],
            "timeouts": null,
            "upgrade_settings": [
              {
                "blue_green_settings": [
                  {
                    "node_pool_soak_duration": "600s",
                    "standard_rollout_policy": [
                      {
                        "batch_node_count": 2,
                        "batch_percentage": 0,
                        "batch_soak_duration": "300s"
                      }
                    ]
                  }
                ],
                "max_surge": 0,
                "max_unavailable": 0,
                "strategy": "BLUE_GREEN"
              }
            ],
            "version": "1.27.16-gke.1287000"
          },
          "sensitive_attributes": [],
          "private": "eyJlMmJmYjczMC1lY2FhLTExZTYtOGY4OC0zNDM2M2JjN2M0YzAiOnsiY3JlYXRlIjoxODAwMDAwMDAwMDAwLCJkZWxldGUiOjE4MDAwMDAwMDAwMDAsInVwZGF0ZSI6MTgwMDAwMDAwMDAwMH0sInNjaGVtYV92ZXJzaW9uIjoiMSJ9",
          "dependencies": [
            "google_compute_network.gcp-vpc-network",
            "google_compute_subnetwork.europe-west2-network-with-private-secondary-ip-ranges",
            "google_container_cluster.vault_cluster",
            "module.gke_service_account.google_service_account.service_account"
          ]
        }
      ]
    },
    {
      "mode": "managed",
      "type": "google_container_node_pool",
      "name": "spot-node-pool",
      "provider": "provider[\"registry.terraform.io/hashicorp/google\"]",
      "instances": [
        {
          "schema_version": 1,
          "attributes": {
            "autoscaling": [
              {
                "location_policy": "ANY",
                "max_node_count": 6,
                "min_node_count": 3,
                "total_max_node_count": 0,
                "total_min_node_count": 0
              }
            ],
            "cluster": "tm-vault-demo",
            "id": "projects/tm-gcp-emea-csre/locations/europe-west2/clusters/tm-vault-demo/nodePools/spot-pool",
            "initial_node_count": 6,
            "instance_group_urls": [
              "https://www.googleapis.com/compute/v1/projects/tm-gcp-emea-csre/zones/europe-west2-a/instanceGroupManagers/gke-tm-vault-demo-spot-pool-bdfd7e8f-grp",
              "https://www.googleapis.com/compute/v1/projects/tm-gcp-emea-csre/zones/europe-west2-b/instanceGroupManagers/gke-tm-vault-demo-spot-pool-d1005cf4-grp",
              "https://www.googleapis.com/compute/v1/projects/tm-gcp-emea-csre/zones/europe-west2-c/instanceGroupManagers/gke-tm-vault-demo-spot-pool-723fb6d6-grp"
            ],
            "location": "europe-west2",
            "managed_instance_group_urls": [
              "https://www.googleapis.com/compute/v1/projects/tm-gcp-emea-csre/zones/europe-west2-a/instanceGroups/gke-tm-vault-demo-spot-pool-bdfd7e8f-grp",
              "https://www.googleapis.com/compute/v1/projects/tm-gcp-emea-csre/zones/europe-west2-b/instanceGroups/gke-tm-vault-demo-spot-pool-d1005cf4-grp",
              "https://www.googleapis.com/compute/v1/projects/tm-gcp-emea-csre/zones/europe-west2-c/instanceGroups/gke-tm-vault-demo-spot-pool-723fb6d6-grp"
            ],
            "management": [
              {
                "auto_repair": true,
                "auto_upgrade": true
              }
            ],
            "max_pods_per_node": 110,
            "name": "spot-pool",
            "name_prefix": "",
            "network_config": [
              {
                "create_pod_range": false,
                "enable_private_nodes": true,
                "pod_cidr_overprovision_config": [],
                "pod_ipv4_cidr_block": "10.236.0.0/14",
                "pod_range": "gke-tm-vault-demo-pods-8e349785"
              }
            ],
            "node_config": [
              {
                "advanced_machine_features": [],
                "boot_disk_kms_key": "",
                "confidential_nodes": [],
                "disk_size_gb": 100,
                "disk_type": "pd-balanced",
                "ephemeral_storage_local_ssd_config": [],
                "fast_socket": [],
                "gcfs_config": [
                  {
                    "enabled": true
                  }
                ],
                "guest_accelerator": [],
                "gvnic": [],
                "host_maintenance_policy": [],
                "image_type": "COS_CONTAINERD",
                "kubelet_config": [],
                "labels": {},
                "linux_node_config": [],
                "local_nvme_ssd_block_config": [],
                "local_ssd_count": 0,
                "logging_variant": "DEFAULT",
                "machine_type": "n2-standard-16",
                "metadata": {
                  "disable-legacy-endpoints": "true"
                },
                "min_cpu_platform": "",
                "node_group": "",
                "oauth_scopes": [
                  "https://www.googleapis.com/auth/cloud-platform"
                ],
                "preemptible": false,
                "reservation_affinity": [],
                "resource_labels": null,
                "service_account": "vault-admin@tm-gcp-emea-csre.iam.gserviceaccount.com",
                "shielded_instance_config": [
                  {
                    "enable_integrity_monitoring": true,
                    "enable_secure_boot": false
                  }
                ],
                "sole_tenant_config": [],
                "spot": true,
                "tags": null,
                "taint": [
                  {
                    "effect": "NO_SCHEDULE",
                    "key": "instance_type",
                    "value": "spot"
                  }
                ],
                "workload_metadata_config": []
              }
            ],
            "node_count": 6,
            "node_locations": [
              "europe-west2-a",
              "europe-west2-b",
              "europe-west2-c"
            ],
            "operation": null,
            "placement_policy": [],
            "project": "tm-gcp-emea-csre",
            "timeouts": null,
            "upgrade_settings": [
              {
                "blue_green_settings": [
                  {
                    "node_pool_soak_duration": "600s",
                    "standard_rollout_policy": [
                      {
                        "batch_node_count": 2,
                        "batch_percentage": 0,
                        "batch_soak_duration": "300s"
                      }
                    ]
                  }
                ],
                "max_surge": 0,
                "max_unavailable": 0,
                "strategy": "BLUE_GREEN"
              }
            ],
            "version": "1.27.16-gke.1287000"
          },
          "sensitive_attributes": [],
          "private": "eyJlMmJmYjczMC1lY2FhLTExZTYtOGY4OC0zNDM2M2JjN2M0YzAiOnsiY3JlYXRlIjoxODAwMDAwMDAwMDAwLCJkZWxldGUiOjE4MDAwMDAwMDAwMDAsInVwZGF0ZSI6MTgwMDAwMDAwMDAwMH0sInNjaGVtYV92ZXJzaW9uIjoiMSJ9",
          "dependencies": [
            "google_compute_network.gcp-vpc-network",
            "google_compute_subnetwork.europe-west2-network-with-private-secondary-ip-ranges",
            "google_container_cluster.vault_cluster",
            "module.gke_service_account.google_service_account.service_account"
          ]
        }
      ]
    },
    {
      "mode": "managed",
      "type": "google_project_iam_member",
      "name": "service_account-roles",
      "provider": "provider[\"registry.terraform.io/hashicorp/google\"]",
      "instances": [
        {
          "index_key": "roles/artifactregistry.admin",
          "schema_version": 0,
          "attributes": {
            "condition": [],
            "etag": "BwYhsQvtKNo=",
            "id": "tm-gcp-emea-csre/roles/artifactregistry.admin/serviceAccount:vault-admin@tm-gcp-emea-csre.iam.gserviceaccount.com",
            "member": "serviceAccount:vault-admin@tm-gcp-emea-csre.iam.gserviceaccount.com",
            "project": "tm-gcp-emea-csre",
            "role": "roles/artifactregistry.admin"
          },
          "sensitive_attributes": [],
          "private": "bnVsbA==",
          "dependencies": [
            "module.gke_service_account.google_project_iam_member.service_account-roles",
            "module.gke_service_account.google_service_account.service_account"
          ]
        },
        {
          "index_key": "roles/container.admin",
          "schema_version": 0,
          "attributes": {
            "condition": [],
            "etag": "BwYhsQvtKNo=",
            "id": "tm-gcp-emea-csre/roles/container.admin/serviceAccount:vault-admin@tm-gcp-emea-csre.iam.gserviceaccount.com",
            "member": "serviceAccount:vault-admin@tm-gcp-emea-csre.iam.gserviceaccount.com",
            "project": "tm-gcp-emea-csre",
            "role": "roles/container.admin"
          },
          "sensitive_attributes": [],
          "private": "bnVsbA==",
          "dependencies": [
            "module.gke_service_account.google_project_iam_member.service_account-roles",
            "module.gke_service_account.google_service_account.service_account"
          ]
        },
        {
          "index_key": "roles/logging.admin",
          "schema_version": 0,
          "attributes": {
            "condition": [],
            "etag": "BwYhsQvtKNo=",
            "id": "tm-gcp-emea-csre/roles/logging.admin/serviceAccount:vault-admin@tm-gcp-emea-csre.iam.gserviceaccount.com",
            "member": "serviceAccount:vault-admin@tm-gcp-emea-csre.iam.gserviceaccount.com",
            "project": "tm-gcp-emea-csre",
            "role": "roles/logging.admin"
          },
          "sensitive_attributes": [],
          "private": "bnVsbA==",
          "dependencies": [
            "module.gke_service_account.google_project_iam_member.service_account-roles",
            "module.gke_service_account.google_service_account.service_account"
          ]
        },
        {
          "index_key": "roles/logging.logWriter",
          "schema_version": 0,
          "attributes": {
            "condition": [],
            "etag": "BwYhsQvtKNo=",
            "id": "tm-gcp-emea-csre/roles/logging.logWriter/serviceAccount:vault-admin@tm-gcp-emea-csre.iam.gserviceaccount.com",
            "member": "serviceAccount:vault-admin@tm-gcp-emea-csre.iam.gserviceaccount.com",
            "project": "tm-gcp-emea-csre",
            "role": "roles/logging.logWriter"
          },
          "sensitive_attributes": [],
          "private": "bnVsbA==",
          "dependencies": [
            "module.gke_service_account.google_project_iam_member.service_account-roles",
            "module.gke_service_account.google_service_account.service_account"
          ]
        },
        {
          "index_key": "roles/monitoring.metricWriter",
          "schema_version": 0,
          "attributes": {
            "condition": [],
            "etag": "BwYhsQvtKNo=",
            "id": "tm-gcp-emea-csre/roles/monitoring.metricWriter/serviceAccount:vault-admin@tm-gcp-emea-csre.iam.gserviceaccount.com",
            "member": "serviceAccount:vault-admin@tm-gcp-emea-csre.iam.gserviceaccount.com",
            "project": "tm-gcp-emea-csre",
            "role": "roles/monitoring.metricWriter"
          },
          "sensitive_attributes": [],
          "private": "bnVsbA==",
          "dependencies": [
            "module.gke_service_account.google_project_iam_member.service_account-roles",
            "module.gke_service_account.google_service_account.service_account"
          ]
        },
        {
          "index_key": "roles/monitoring.viewer",
          "schema_version": 0,
          "attributes": {
            "condition": [],
            "etag": "BwYhsQvtKNo=",
            "id": "tm-gcp-emea-csre/roles/monitoring.viewer/serviceAccount:vault-admin@tm-gcp-emea-csre.iam.gserviceaccount.com",
            "member": "serviceAccount:vault-admin@tm-gcp-emea-csre.iam.gserviceaccount.com",
            "project": "tm-gcp-emea-csre",
            "role": "roles/monitoring.viewer"
          },
          "sensitive_attributes": [],
          "private": "bnVsbA==",
          "dependencies": [
            "module.gke_service_account.google_project_iam_member.service_account-roles",
            "module.gke_service_account.google_service_account.service_account"
          ]
        },
        {
          "index_key": "roles/stackdriver.resourceMetadata.writer",
          "schema_version": 0,
          "attributes": {
            "condition": [],
            "etag": "BwYhsQvtKNo=",
            "id": "tm-gcp-emea-csre/roles/stackdriver.resourceMetadata.writer/serviceAccount:vault-admin@tm-gcp-emea-csre.iam.gserviceaccount.com",
            "member": "serviceAccount:vault-admin@tm-gcp-emea-csre.iam.gserviceaccount.com",
            "project": "tm-gcp-emea-csre",
            "role": "roles/stackdriver.resourceMetadata.writer"
          },
          "sensitive_attributes": [],
          "private": "bnVsbA==",
          "dependencies": [
            "module.gke_service_account.google_project_iam_member.service_account-roles",
            "module.gke_service_account.google_service_account.service_account"
          ]
        }
      ]
    },
    {
      "mode": "managed",
      "type": "google_project_service",
      "name": "service_networking",
      "provider": "provider[\"registry.terraform.io/hashicorp/google\"]",
      "instances": [
        {
          "schema_version": 0,
          "attributes": {
            "disable_dependent_services": null,
            "disable_on_destroy": false,
            "id": "tm-gcp-emea-csre/servicenetworking.googleapis.com",
            "project": "tm-gcp-emea-csre",
            "service": "servicenetworking.googleapis.com",
            "timeouts": null
          },
          "sensitive_attributes": [],
          "private": "eyJlMmJmYjczMC1lY2FhLTExZTYtOGY4OC0zNDM2M2JjN2M0YzAiOnsiY3JlYXRlIjoxMjAwMDAwMDAwMDAwLCJkZWxldGUiOjEyMDAwMDAwMDAwMDAsInJlYWQiOjYwMDAwMDAwMDAwMCwidXBkYXRlIjoxMjAwMDAwMDAwMDAwfX0="
        }
      ]
    },
    {
      "mode": "managed",
      "type": "google_service_networking_connection",
      "name": "default",
      "provider": "provider[\"registry.terraform.io/hashicorp/google\"]",
      "instances": [
        {
          "schema_version": 0,
          "attributes": {
            "id": "projects%2Ftm-gcp-emea-csre%2Fglobal%2Fnetworks%2Ftm-vault-dev:servicenetworking.googleapis.com",
            "network": "projects/tm-gcp-emea-csre/global/networks/tm-vault-dev",
            "peering": "servicenetworking-googleapis-com",
            "reserved_peering_ranges": [
              "service-private-ip"
            ],
            "service": "servicenetworking.googleapis.com",
            "timeouts": null
          },
          "sensitive_attributes": [],
          "private": "eyJlMmJmYjczMC1lY2FhLTExZTYtOGY4OC0zNDM2M2JjN2M0YzAiOnsiY3JlYXRlIjo2MDAwMDAwMDAwMDAsImRlbGV0ZSI6NjAwMDAwMDAwMDAwLCJ1cGRhdGUiOjYwMDAwMDAwMDAwMH19",
          "dependencies": [
            "google_compute_global_address.private_ip_alloc",
            "google_compute_network.gcp-vpc-network"
          ]
        }
      ]
    },
    {
      "mode": "managed",
      "type": "random_password",
      "name": "password",
      "provider": "provider[\"registry.terraform.io/hashicorp/random\"]",
      "instances": [
        {
          "schema_version": 3,
          "attributes": {
            "bcrypt_hash": "$2a$10$AYS9JUCbA.ULvFrOYvloa.BX1KwMwehQd5VB3n890fAcE3nl68XoO",
            "id": "none",
            "keepers": null,
            "length": 12,
            "lower": true,
            "min_lower": 0,
            "min_numeric": 0,
            "min_special": 0,
            "min_upper": 0,
            "number": true,
            "numeric": true,
            "override_special": "!#$%\u0026*()-_=+[]{}\u003c\u003e:?",
            "result": "cvZdBzm5HpRJ",
            "special": false,
            "upper": true
          },
          "sensitive_attributes": [
            [
              {
                "type": "get_attr",
                "value": "result"
              }
            ],
            [
              {
                "type": "get_attr",
                "value": "bcrypt_hash"
              }
            ]
          ]
        }
      ]
    },
    {
      "module": "module.enabled_google_apis",
      "mode": "managed",
      "type": "google_project_service",
      "name": "project_services",
      "provider": "provider[\"registry.terraform.io/hashicorp/google\"]",
      "instances": [
        {
          "index_key": "alloydb.googleapis.com",
          "schema_version": 0,
          "attributes": {
            "disable_dependent_services": true,
            "disable_on_destroy": false,
            "id": "tm-gcp-emea-csre/alloydb.googleapis.com",
            "project": "tm-gcp-emea-csre",
            "service": "alloydb.googleapis.com",
            "timeouts": null
          },
          "sensitive_attributes": [],
          "private": "eyJlMmJmYjczMC1lY2FhLTExZTYtOGY4OC0zNDM2M2JjN2M0YzAiOnsiY3JlYXRlIjoxMjAwMDAwMDAwMDAwLCJkZWxldGUiOjEyMDAwMDAwMDAwMDAsInJlYWQiOjYwMDAwMDAwMDAwMCwidXBkYXRlIjoxMjAwMDAwMDAwMDAwfX0="
        },
        {
          "index_key": "artifactregistry.googleapis.com",
          "schema_version": 0,
          "attributes": {
            "disable_dependent_services": true,
            "disable_on_destroy": false,
            "id": "tm-gcp-emea-csre/artifactregistry.googleapis.com",
            "project": "tm-gcp-emea-csre",
            "service": "artifactregistry.googleapis.com",
            "timeouts": null
          },
          "sensitive_attributes": [],
          "private": "eyJlMmJmYjczMC1lY2FhLTExZTYtOGY4OC0zNDM2M2JjN2M0YzAiOnsiY3JlYXRlIjoxMjAwMDAwMDAwMDAwLCJkZWxldGUiOjEyMDAwMDAwMDAwMDAsInJlYWQiOjYwMDAwMDAwMDAwMCwidXBkYXRlIjoxMjAwMDAwMDAwMDAwfX0="
        },
        {
          "index_key": "binaryauthorization.googleapis.com",
          "schema_version": 0,
          "attributes": {
            "disable_dependent_services": true,
            "disable_on_destroy": false,
            "id": "tm-gcp-emea-csre/binaryauthorization.googleapis.com",
            "project": "tm-gcp-emea-csre",
            "service": "binaryauthorization.googleapis.com",
            "timeouts": null
          },
          "sensitive_attributes": [],
          "private": "eyJlMmJmYjczMC1lY2FhLTExZTYtOGY4OC0zNDM2M2JjN2M0YzAiOnsiY3JlYXRlIjoxMjAwMDAwMDAwMDAwLCJkZWxldGUiOjEyMDAwMDAwMDAwMDAsInJlYWQiOjYwMDAwMDAwMDAwMCwidXBkYXRlIjoxMjAwMDAwMDAwMDAwfX0="
        },
        {
          "index_key": "compute.googleapis.com",
          "schema_version": 0,
          "attributes": {
            "disable_dependent_services": true,
            "disable_on_destroy": false,
            "id": "tm-gcp-emea-csre/compute.googleapis.com",
            "project": "tm-gcp-emea-csre",
            "service": "compute.googleapis.com",
            "timeouts": null
          },
          "sensitive_attributes": [],
          "private": "eyJlMmJmYjczMC1lY2FhLTExZTYtOGY4OC0zNDM2M2JjN2M0YzAiOnsiY3JlYXRlIjoxMjAwMDAwMDAwMDAwLCJkZWxldGUiOjEyMDAwMDAwMDAwMDAsInJlYWQiOjYwMDAwMDAwMDAwMCwidXBkYXRlIjoxMjAwMDAwMDAwMDAwfX0="
        },
        {
          "index_key": "container.googleapis.com",
          "schema_version": 0,
          "attributes": {
            "disable_dependent_services": true,
            "disable_on_destroy": false,
            "id": "tm-gcp-emea-csre/container.googleapis.com",
            "project": "tm-gcp-emea-csre",
            "service": "container.googleapis.com",
            "timeouts": null
          },
          "sensitive_attributes": [],
          "private": "eyJlMmJmYjczMC1lY2FhLTExZTYtOGY4OC0zNDM2M2JjN2M0YzAiOnsiY3JlYXRlIjoxMjAwMDAwMDAwMDAwLCJkZWxldGUiOjEyMDAwMDAwMDAwMDAsInJlYWQiOjYwMDAwMDAwMDAwMCwidXBkYXRlIjoxMjAwMDAwMDAwMDAwfX0="
        },
        {
          "index_key": "iam.googleapis.com",
          "schema_version": 0,
          "attributes": {
            "disable_dependent_services": true,
            "disable_on_destroy": false,
            "id": "tm-gcp-emea-csre/iam.googleapis.com",
            "project": "tm-gcp-emea-csre",
            "service": "iam.googleapis.com",
            "timeouts": null
          },
          "sensitive_attributes": [],
          "private": "eyJlMmJmYjczMC1lY2FhLTExZTYtOGY4OC0zNDM2M2JjN2M0YzAiOnsiY3JlYXRlIjoxMjAwMDAwMDAwMDAwLCJkZWxldGUiOjEyMDAwMDAwMDAwMDAsInJlYWQiOjYwMDAwMDAwMDAwMCwidXBkYXRlIjoxMjAwMDAwMDAwMDAwfX0="
        },
        {
          "index_key": "iap.googleapis.com",
          "schema_version": 0,
          "attributes": {
            "disable_dependent_services": true,
            "disable_on_destroy": false,
            "id": "tm-gcp-emea-csre/iap.googleapis.com",
            "project": "tm-gcp-emea-csre",
            "service": "iap.googleapis.com",
            "timeouts": null
          },
          "sensitive_attributes": [],
          "private": "eyJlMmJmYjczMC1lY2FhLTExZTYtOGY4OC0zNDM2M2JjN2M0YzAiOnsiY3JlYXRlIjoxMjAwMDAwMDAwMDAwLCJkZWxldGUiOjEyMDAwMDAwMDAwMDAsInJlYWQiOjYwMDAwMDAwMDAwMCwidXBkYXRlIjoxMjAwMDAwMDAwMDAwfX0="
        },
        {
          "index_key": "logging.googleapis.com",
          "schema_version": 0,
          "attributes": {
            "disable_dependent_services": true,
            "disable_on_destroy": false,
            "id": "tm-gcp-emea-csre/logging.googleapis.com",
            "project": "tm-gcp-emea-csre",
            "service": "logging.googleapis.com",
            "timeouts": null
          },
          "sensitive_attributes": [],
          "private": "eyJlMmJmYjczMC1lY2FhLTExZTYtOGY4OC0zNDM2M2JjN2M0YzAiOnsiY3JlYXRlIjoxMjAwMDAwMDAwMDAwLCJkZWxldGUiOjEyMDAwMDAwMDAwMDAsInJlYWQiOjYwMDAwMDAwMDAwMCwidXBkYXRlIjoxMjAwMDAwMDAwMDAwfX0="
        },
        {
          "index_key": "monitoring.googleapis.com",
          "schema_version": 0,
          "attributes": {
            "disable_dependent_services": true,
            "disable_on_destroy": false,
            "id": "tm-gcp-emea-csre/monitoring.googleapis.com",
            "project": "tm-gcp-emea-csre",
            "service": "monitoring.googleapis.com",
            "timeouts": null
          },
          "sensitive_attributes": [],
          "private": "eyJlMmJmYjczMC1lY2FhLTExZTYtOGY4OC0zNDM2M2JjN2M0YzAiOnsiY3JlYXRlIjoxMjAwMDAwMDAwMDAwLCJkZWxldGUiOjEyMDAwMDAwMDAwMDAsInJlYWQiOjYwMDAwMDAwMDAwMCwidXBkYXRlIjoxMjAwMDAwMDAwMDAwfX0="
        },
        {
          "index_key": "networkconnectivity.googleapis.com",
          "schema_version": 0,
          "attributes": {
            "disable_dependent_services": true,
            "disable_on_destroy": false,
            "id": "tm-gcp-emea-csre/networkconnectivity.googleapis.com",
            "project": "tm-gcp-emea-csre",
            "service": "networkconnectivity.googleapis.com",
            "timeouts": null
          },
          "sensitive_attributes": [],
          "private": "eyJlMmJmYjczMC1lY2FhLTExZTYtOGY4OC0zNDM2M2JjN2M0YzAiOnsiY3JlYXRlIjoxMjAwMDAwMDAwMDAwLCJkZWxldGUiOjEyMDAwMDAwMDAwMDAsInJlYWQiOjYwMDAwMDAwMDAwMCwidXBkYXRlIjoxMjAwMDAwMDAwMDAwfX0="
        },
        {
          "index_key": "serviceusage.googleapis.com",
          "schema_version": 0,
          "attributes": {
            "disable_dependent_services": true,
            "disable_on_destroy": false,
            "id": "tm-gcp-emea-csre/serviceusage.googleapis.com",
            "project": "tm-gcp-emea-csre",
            "service": "serviceusage.googleapis.com",
            "timeouts": null
          },
          "sensitive_attributes": [],
          "private": "eyJlMmJmYjczMC1lY2FhLTExZTYtOGY4OC0zNDM2M2JjN2M0YzAiOnsiY3JlYXRlIjoxMjAwMDAwMDAwMDAwLCJkZWxldGUiOjEyMDAwMDAwMDAwMDAsInJlYWQiOjYwMDAwMDAwMDAwMCwidXBkYXRlIjoxMjAwMDAwMDAwMDAwfX0="
        }
      ]
    },
    {
      "module": "module.gke_service_account",
      "mode": "managed",
      "type": "google_project_iam_member",
      "name": "service_account-roles",
      "provider": "provider[\"registry.terraform.io/hashicorp/google\"]",
      "instances": [
        {
          "index_key": "roles/logging.logWriter",
          "schema_version": 0,
          "attributes": {
            "condition": [],
            "etag": "BwYhsQtaRq0=",
            "id": "tm-gcp-emea-csre/roles/logging.logWriter/serviceAccount:vault-admin@tm-gcp-emea-csre.iam.gserviceaccount.com",
            "member": "serviceAccount:vault-admin@tm-gcp-emea-csre.iam.gserviceaccount.com",
            "project": "tm-gcp-emea-csre",
            "role": "roles/logging.logWriter"
          },
          "sensitive_attributes": [],
          "private": "bnVsbA==",
          "dependencies": [
            "module.gke_service_account.google_service_account.service_account"
          ]
        },
        {
          "index_key": "roles/monitoring.metricWriter",
          "schema_version": 0,
          "attributes": {
            "condition": [],
            "etag": "BwYhsQtaRq0=",
            "id": "tm-gcp-emea-csre/roles/monitoring.metricWriter/serviceAccount:vault-admin@tm-gcp-emea-csre.iam.gserviceaccount.com",
            "member": "serviceAccount:vault-admin@tm-gcp-emea-csre.iam.gserviceaccount.com",
            "project": "tm-gcp-emea-csre",
            "role": "roles/monitoring.metricWriter"
          },
          "sensitive_attributes": [],
          "private": "bnVsbA==",
          "dependencies": [
            "module.gke_service_account.google_service_account.service_account"
          ]
        },
        {
          "index_key": "roles/monitoring.viewer",
          "schema_version": 0,
          "attributes": {
            "condition": [],
            "etag": "BwYhsQtaRq0=",
            "id": "tm-gcp-emea-csre/roles/monitoring.viewer/serviceAccount:vault-admin@tm-gcp-emea-csre.iam.gserviceaccount.com",
            "member": "serviceAccount:vault-admin@tm-gcp-emea-csre.iam.gserviceaccount.com",
            "project": "tm-gcp-emea-csre",
            "role": "roles/monitoring.viewer"
          },
          "sensitive_attributes": [],
          "private": "bnVsbA==",
          "dependencies": [
            "module.gke_service_account.google_service_account.service_account"
          ]
        },
        {
          "index_key": "roles/stackdriver.resourceMetadata.writer",
          "schema_version": 0,
          "attributes": {
            "condition": [],
            "etag": "BwYhsQtaRq0=",
            "id": "tm-gcp-emea-csre/roles/stackdriver.resourceMetadata.writer/serviceAccount:vault-admin@tm-gcp-emea-csre.iam.gserviceaccount.com",
            "member": "serviceAccount:vault-admin@tm-gcp-emea-csre.iam.gserviceaccount.com",
            "project": "tm-gcp-emea-csre",
            "role": "roles/stackdriver.resourceMetadata.writer"
          },
          "sensitive_attributes": [],
          "private": "bnVsbA==",
          "dependencies": [
            "module.gke_service_account.google_service_account.service_account"
          ]
        }
      ]
    },
    {
      "module": "module.gke_service_account",
      "mode": "managed",
      "type": "google_service_account",
      "name": "service_account",
      "provider": "provider[\"registry.terraform.io/hashicorp/google\"]",
      "instances": [
        {
          "schema_version": 0,
          "attributes": {
            "account_id": "vault-admin",
            "description": "",
            "disabled": false,
            "display_name": "Service Account used for node pool communication",
            "email": "vault-admin@tm-gcp-emea-csre.iam.gserviceaccount.com",
            "id": "projects/tm-gcp-emea-csre/serviceAccounts/vault-admin@tm-gcp-emea-csre.iam.gserviceaccount.com",
            "member": "serviceAccount:vault-admin@tm-gcp-emea-csre.iam.gserviceaccount.com",
            "name": "projects/tm-gcp-emea-csre/serviceAccounts/vault-admin@tm-gcp-emea-csre.iam.gserviceaccount.com",
            "project": "tm-gcp-emea-csre",
            "timeouts": null,
            "unique_id": "110095446567287792800"
          },
          "sensitive_attributes": [],
          "private": "eyJlMmJmYjczMC1lY2FhLTExZTYtOGY4OC0zNDM2M2JjN2M0YzAiOnsiY3JlYXRlIjozMDAwMDAwMDAwMDB9fQ=="
        }
      ]
    }
  ],
  "check_results": null
}
